{
  "version": 4,
  "terraform_version": "1.13.4",
  "serial": 8,
  "lineage": "110d11e9-fde7-4bb7-c8ea-31f6eedaad34",
  "outputs": {
    "github_oidc_role_arn": {
      "value": "arn:aws:iam::661539128717:role/GitHubOIDC-ECRPushRole",
      "type": "string"
    },
    "os_hardened_ecr_url": {
      "value": "661539128717.dkr.ecr.us-east-1.amazonaws.com/os-hardened-images",
      "type": "string"
    }
  },
  "resources": [
    {
      "module": "module.ecr",
      "mode": "managed",
      "type": "aws_ecr_repository",
      "name": "os_hardened_images",
      "provider": "provider[\"registry.terraform.io/hashicorp/aws\"]",
      "instances": [
        {
          "schema_version": 0,
          "attributes": {
            "arn": "arn:aws:ecr:us-east-1:661539128717:repository/os-hardened-images",
            "encryption_configuration": [
              {
                "encryption_type": "AES256",
                "kms_key": ""
              }
            ],
            "force_delete": null,
            "id": "os-hardened-images",
            "image_scanning_configuration": [
              {
                "scan_on_push": true
              }
            ],
            "image_tag_mutability": "MUTABLE",
            "name": "os-hardened-images",
            "registry_id": "661539128717",
            "repository_url": "661539128717.dkr.ecr.us-east-1.amazonaws.com/os-hardened-images",
            "tags": {
              "ManagedBy": "cloud-secure-infra",
              "Project": "os-hardening-factory"
            },
            "tags_all": {
              "ManagedBy": "cloud-secure-infra",
              "Project": "os-hardening-factory"
            },
            "timeouts": null
          },
          "sensitive_attributes": [],
          "identity_schema_version": 0,
          "private": "eyJlMmJmYjczMC1lY2FhLTExZTYtOGY4OC0zNDM2M2JjN2M0YzAiOnsiZGVsZXRlIjoxMjAwMDAwMDAwMDAwfSwic2NoZW1hX3ZlcnNpb24iOiIwIn0="
        }
      ]
    },
    {
      "module": "module.github_oidc_role",
      "mode": "data",
      "type": "aws_iam_openid_connect_provider",
      "name": "github",
      "provider": "provider[\"registry.terraform.io/hashicorp/aws\"]",
      "instances": [
        {
          "schema_version": 0,
          "attributes": {
            "arn": "arn:aws:iam::661539128717:oidc-provider/token.actions.githubusercontent.com",
            "client_id_list": [
              "sts.amazonaws.com"
            ],
            "id": "arn:aws:iam::661539128717:oidc-provider/token.actions.githubusercontent.com",
            "tags": {},
            "thumbprint_list": [
              "6938fd4d98bab03faadb97b34396831e3780aea1"
            ],
            "url": "token.actions.githubusercontent.com"
          },
          "sensitive_attributes": [],
          "identity_schema_version": 0
        }
      ]
    },
    {
      "module": "module.github_oidc_role",
      "mode": "managed",
      "type": "aws_iam_role",
      "name": "github_oidc_role",
      "provider": "provider[\"registry.terraform.io/hashicorp/aws\"]",
      "instances": [
        {
          "schema_version": 0,
          "attributes": {
            "arn": "arn:aws:iam::661539128717:role/GitHubOIDC-ECRPushRole",
            "assume_role_policy": "{\"Statement\":[{\"Action\":\"sts:AssumeRoleWithWebIdentity\",\"Condition\":{\"StringLike\":{\"token.actions.githubusercontent.com:sub\":\"repo:os-hardening-factory/os-hardening-factory:*\"}},\"Effect\":\"Allow\",\"Principal\":{\"Federated\":\"arn:aws:iam::661539128717:oidc-provider/token.actions.githubusercontent.com\"}}],\"Version\":\"2012-10-17\"}",
            "create_date": "2025-11-04T07:14:56Z",
            "description": "",
            "force_detach_policies": false,
            "id": "GitHubOIDC-ECRPushRole",
            "inline_policy": [],
            "managed_policy_arns": [],
            "max_session_duration": 3600,
            "name": "GitHubOIDC-ECRPushRole",
            "name_prefix": "",
            "path": "/",
            "permissions_boundary": "",
            "tags": null,
            "tags_all": {},
            "unique_id": "AROAZUBWOAWGY7P4DT2DD"
          },
          "sensitive_attributes": [],
          "identity_schema_version": 0,
          "private": "bnVsbA==",
          "dependencies": [
            "module.github_oidc_role.data.aws_iam_openid_connect_provider.github"
          ]
        }
      ]
    },
    {
      "module": "module.github_oidc_role",
      "mode": "managed",
      "type": "aws_iam_role_policy",
      "name": "ecr_push_policy",
      "provider": "provider[\"registry.terraform.io/hashicorp/aws\"]",
      "instances": [
        {
          "schema_version": 0,
          "attributes": {
            "id": "GitHubOIDC-ECRPushRole:ECRPushPolicy",
            "name": "ECRPushPolicy",
            "name_prefix": "",
            "policy": "{\"Version\":\"2012-10-17\",\"Statement\":[{\"Action\":[\"ecr:GetAuthorizationToken\",\"ecr:BatchCheckLayerAvailability\",\"ecr:CompleteLayerUpload\",\"ecr:InitiateLayerUpload\",\"ecr:PutImage\",\"ecr:UploadLayerPart\"],\"Effect\":\"Allow\",\"Resource\":\"*\"}]}",
            "role": "GitHubOIDC-ECRPushRole"
          },
          "sensitive_attributes": [],
          "identity_schema_version": 0,
          "private": "bnVsbA==",
          "dependencies": [
            "module.github_oidc_role.aws_iam_role.github_oidc_role",
            "module.github_oidc_role.data.aws_iam_openid_connect_provider.github"
          ]
        }
      ]
    },
    {
      "module": "module.os_hardened_ecr",
      "mode": "managed",
      "type": "aws_ecr_repository",
      "name": "os_hardened_images",
      "provider": "provider[\"registry.terraform.io/hashicorp/aws\"]",
      "instances": [
        {
          "schema_version": 0,
          "attributes": {
            "arn": "arn:aws:ecr:us-east-1:661539128717:repository/os-hardened-images",
            "encryption_configuration": [
              {
                "encryption_type": "AES256",
                "kms_key": ""
              }
            ],
            "force_delete": null,
            "id": "os-hardened-images",
            "image_scanning_configuration": [
              {
                "scan_on_push": true
              }
            ],
            "image_tag_mutability": "MUTABLE",
            "name": "os-hardened-images",
            "registry_id": "661539128717",
            "repository_url": "661539128717.dkr.ecr.us-east-1.amazonaws.com/os-hardened-images",
            "tags": {
              "ManagedBy": "cloud-secure-infra",
              "Project": "os-hardening-factory"
            },
            "tags_all": {
              "ManagedBy": "cloud-secure-infra",
              "Project": "os-hardening-factory"
            },
            "timeouts": null
          },
          "sensitive_attributes": [],
          "identity_schema_version": 0,
          "private": "eyJlMmJmYjczMC1lY2FhLTExZTYtOGY4OC0zNDM2M2JjN2M0YzAiOnsiZGVsZXRlIjoxMjAwMDAwMDAwMDAwfX0="
        }
      ]
    }
  ],
  "check_results": null
}
